
Microsoft Visual Studio Solution File, Format Version 12.00
# Visual Studio 14
VisualStudioVersion = 14.0.25420.1
MinimumVisualStudioVersion = 10.0.40219.1
Project("{8BC9CEB8-8B4A-11D0-8D11-00A0C91BC942}") = "Test_D1_SizeT", "Test_D1_SizeT\Test_D1_SizeT.vcxproj", "{827EDD77-3007-496B-BD58-60F04806F680}"
EndProject
Project("{8BC9CEB8-8B4A-11D0-8D11-00A0C91BC942}") = "Test_D1_RangeT", "Test_D1_RangeT\Test_D1_RangeT.vcxproj", "{0074A692-A855-4563-88D4-806E44436F81}"
EndProject
Project("{8BC9CEB8-8B4A-11D0-8D11-00A0C91BC942}") = "Test_D1_PointData_C", "Test_D1_PointData_C\Test_D1_PointData_C.vcxproj", "{58EF9CC5-F6C0-406B-91C6-ACFDC3E5D4EA}"
EndProject
Project("{8BC9CEB8-8B4A-11D0-8D11-00A0C91BC942}") = "Test_D1_PointData_H", "Test_D1_PointData_H\Test_D1_PointData_H.vcxproj", "{4A0B3038-B071-4B40-A077-36E49FF83D1B}"
EndProject
Project("{8BC9CEB8-8B4A-11D0-8D11-00A0C91BC942}") = "Example_D1_integration", "Example_D1_integration\Example_D1_integration.vcxproj", "{FBE91BA2-710A-409C-AC0E-80B06604DA4C}"
EndProject
Project("{8BC9CEB8-8B4A-11D0-8D11-00A0C91BC942}") = "Test_D0_PointData_C", "Test_D0_PointData_C\Test_D0_PointData_C.vcxproj", "{5975456F-4EB0-4389-8B05-4D182B7608A8}"
EndProject
Project("{8BC9CEB8-8B4A-11D0-8D11-00A0C91BC942}") = "Test_D2_RangeT", "Test_D2_RangeT\Test_D2_RangeT.vcxproj", "{BB1E3EC1-2751-49E4-A24C-2CEDD942021D}"
EndProject
Project("{8BC9CEB8-8B4A-11D0-8D11-00A0C91BC942}") = "Test_D2_SizeT", "Test_D2_SizeT\Test_D2_SizeT.vcxproj", "{CBECB699-F1C1-44AF-AA87-572C4DE136D6}"
EndProject
Project("{8BC9CEB8-8B4A-11D0-8D11-00A0C91BC942}") = "Test_D2_PointData_C", "Test_D2_PointData_C\Test_D2_PointData_C.vcxproj", "{97E24CCF-AEEF-4657-950A-B2CCFF107527}"
EndProject
Project("{8BC9CEB8-8B4A-11D0-8D11-00A0C91BC942}") = "Test_D2_PointData_H", "Test_D2_PointData_H\Test_D2_PointData_H.vcxproj", "{2B26AA8D-2286-467F-BECD-5F4BA18D5426}"
EndProject
Project("{8BC9CEB8-8B4A-11D0-8D11-00A0C91BC942}") = "Example_D1_heat", "Example_D1_heat\Example_D1_heat.vcxproj", "{D50529F0-A5FE-4854-B806-D706EC8CE388}"
EndProject
Project("{8BC9CEB8-8B4A-11D0-8D11-00A0C91BC942}") = "Test_D1_tecfile", "Test_D1_tecfile\Test_D1_tecfile.vcxproj", "{3D15900B-6354-4692-9FC2-C463DBBF4881}"
EndProject
Project("{8BC9CEB8-8B4A-11D0-8D11-00A0C91BC942}") = "Test_D2_tecfile", "Test_D2_tecfile\Test_D2_tecfile.vcxproj", "{C2A22319-58E1-43EE-AC6E-8A05D0AAB3F3}"
EndProject
Project("{8BC9CEB8-8B4A-11D0-8D11-00A0C91BC942}") = "Test_HPP", "Test_HPP\Test_HPP.vcxproj", "{C5AE88E4-F9CC-4C92-ADE9-B7609654F821}"
EndProject
Project("{8BC9CEB8-8B4A-11D0-8D11-00A0C91BC942}") = "Example_D2_heat", "Example_D2_heat\Example_D2_heat.vcxproj", "{32115BFA-734E-414B-9581-83547E03E5F6}"
EndProject
Project("{8BC9CEB8-8B4A-11D0-8D11-00A0C91BC942}") = "Test_D3_RangeT", "Test_D3_RangeT\Test_D3_RangeT.vcxproj", "{4001BF01-9EAB-47F6-97DF-14834B0B87DD}"
EndProject
Project("{8BC9CEB8-8B4A-11D0-8D11-00A0C91BC942}") = "Test_D3_SizeT", "Test_D3_SizeT\Test_D3_SizeT.vcxproj", "{DCAAA1EF-81A3-4E92-A702-40858DF58FCD}"
EndProject
Project("{8BC9CEB8-8B4A-11D0-8D11-00A0C91BC942}") = "Test_D3_PointData_C", "Test_D3_PointData_C\Test_D3_PointData_C.vcxproj", "{4592D58A-87B7-4EB5-A74C-0E4EB567BC44}"
EndProject
Project("{8BC9CEB8-8B4A-11D0-8D11-00A0C91BC942}") = "Test_D3_PointData_H", "Test_D3_PointData_H\Test_D3_PointData_H.vcxproj", "{C9D4D941-A957-4174-B522-1C6039EA7722}"
EndProject
Project("{8BC9CEB8-8B4A-11D0-8D11-00A0C91BC942}") = "Test_D3_tecfile", "Test_D3_tecfile\Test_D3_tecfile.vcxproj", "{9E482471-1A71-493C-85D9-14BA0BDFFFAA}"
EndProject
Global
	GlobalSection(SolutionConfigurationPlatforms) = preSolution
		Debug|x64 = Debug|x64
		Debug|x86 = Debug|x86
		Release|x64 = Release|x64
		Release|x86 = Release|x86
	EndGlobalSection
	GlobalSection(ProjectConfigurationPlatforms) = postSolution
		{827EDD77-3007-496B-BD58-60F04806F680}.Debug|x64.ActiveCfg = Debug|x64
		{827EDD77-3007-496B-BD58-60F04806F680}.Debug|x64.Build.0 = Debug|x64
		{827EDD77-3007-496B-BD58-60F04806F680}.Debug|x86.ActiveCfg = Debug|Win32
		{827EDD77-3007-496B-BD58-60F04806F680}.Debug|x86.Build.0 = Debug|Win32
		{827EDD77-3007-496B-BD58-60F04806F680}.Release|x64.ActiveCfg = Release|x64
		{827EDD77-3007-496B-BD58-60F04806F680}.Release|x64.Build.0 = Release|x64
		{827EDD77-3007-496B-BD58-60F04806F680}.Release|x86.ActiveCfg = Release|Win32
		{827EDD77-3007-496B-BD58-60F04806F680}.Release|x86.Build.0 = Release|Win32
		{0074A692-A855-4563-88D4-806E44436F81}.Debug|x64.ActiveCfg = Debug|x64
		{0074A692-A855-4563-88D4-806E44436F81}.Debug|x64.Build.0 = Debug|x64
		{0074A692-A855-4563-88D4-806E44436F81}.Debug|x86.ActiveCfg = Debug|Win32
		{0074A692-A855-4563-88D4-806E44436F81}.Debug|x86.Build.0 = Debug|Win32
		{0074A692-A855-4563-88D4-806E44436F81}.Release|x64.ActiveCfg = Release|x64
		{0074A692-A855-4563-88D4-806E44436F81}.Release|x64.Build.0 = Release|x64
		{0074A692-A855-4563-88D4-806E44436F81}.Release|x86.ActiveCfg = Release|Win32
		{0074A692-A855-4563-88D4-806E44436F81}.Release|x86.Build.0 = Release|Win32
		{58EF9CC5-F6C0-406B-91C6-ACFDC3E5D4EA}.Debug|x64.ActiveCfg = Debug|x64
		{58EF9CC5-F6C0-406B-91C6-ACFDC3E5D4EA}.Debug|x64.Build.0 = Debug|x64
		{58EF9CC5-F6C0-406B-91C6-ACFDC3E5D4EA}.Debug|x86.ActiveCfg = Debug|Win32
		{58EF9CC5-F6C0-406B-91C6-ACFDC3E5D4EA}.Debug|x86.Build.0 = Debug|Win32
		{58EF9CC5-F6C0-406B-91C6-ACFDC3E5D4EA}.Release|x64.ActiveCfg = Release|x64
		{58EF9CC5-F6C0-406B-91C6-ACFDC3E5D4EA}.Release|x64.Build.0 = Release|x64
		{58EF9CC5-F6C0-406B-91C6-ACFDC3E5D4EA}.Release|x86.ActiveCfg = Release|Win32
		{58EF9CC5-F6C0-406B-91C6-ACFDC3E5D4EA}.Release|x86.Build.0 = Release|Win32
		{4A0B3038-B071-4B40-A077-36E49FF83D1B}.Debug|x64.ActiveCfg = Debug|x64
		{4A0B3038-B071-4B40-A077-36E49FF83D1B}.Debug|x64.Build.0 = Debug|x64
		{4A0B3038-B071-4B40-A077-36E49FF83D1B}.Debug|x86.ActiveCfg = Debug|Win32
		{4A0B3038-B071-4B40-A077-36E49FF83D1B}.Debug|x86.Build.0 = Debug|Win32
		{4A0B3038-B071-4B40-A077-36E49FF83D1B}.Release|x64.ActiveCfg = Release|x64
		{4A0B3038-B071-4B40-A077-36E49FF83D1B}.Release|x64.Build.0 = Release|x64
		{4A0B3038-B071-4B40-A077-36E49FF83D1B}.Release|x86.ActiveCfg = Release|Win32
		{4A0B3038-B071-4B40-A077-36E49FF83D1B}.Release|x86.Build.0 = Release|Win32
		{FBE91BA2-710A-409C-AC0E-80B06604DA4C}.Debug|x64.ActiveCfg = Debug|x64
		{FBE91BA2-710A-409C-AC0E-80B06604DA4C}.Debug|x64.Build.0 = Debug|x64
		{FBE91BA2-710A-409C-AC0E-80B06604DA4C}.Debug|x86.ActiveCfg = Debug|Win32
		{FBE91BA2-710A-409C-AC0E-80B06604DA4C}.Debug|x86.Build.0 = Debug|Win32
		{FBE91BA2-710A-409C-AC0E-80B06604DA4C}.Release|x64.ActiveCfg = Release|x64
		{FBE91BA2-710A-409C-AC0E-80B06604DA4C}.Release|x64.Build.0 = Release|x64
		{FBE91BA2-710A-409C-AC0E-80B06604DA4C}.Release|x86.ActiveCfg = Release|Win32
		{FBE91BA2-710A-409C-AC0E-80B06604DA4C}.Release|x86.Build.0 = Release|Win32
		{5975456F-4EB0-4389-8B05-4D182B7608A8}.Debug|x64.ActiveCfg = Debug|x64
		{5975456F-4EB0-4389-8B05-4D182B7608A8}.Debug|x64.Build.0 = Debug|x64
		{5975456F-4EB0-4389-8B05-4D182B7608A8}.Debug|x86.ActiveCfg = Debug|Win32
		{5975456F-4EB0-4389-8B05-4D182B7608A8}.Debug|x86.Build.0 = Debug|Win32
		{5975456F-4EB0-4389-8B05-4D182B7608A8}.Release|x64.ActiveCfg = Release|x64
		{5975456F-4EB0-4389-8B05-4D182B7608A8}.Release|x64.Build.0 = Release|x64
		{5975456F-4EB0-4389-8B05-4D182B7608A8}.Release|x86.ActiveCfg = Release|Win32
		{5975456F-4EB0-4389-8B05-4D182B7608A8}.Release|x86.Build.0 = Release|Win32
		{BB1E3EC1-2751-49E4-A24C-2CEDD942021D}.Debug|x64.ActiveCfg = Debug|x64
		{BB1E3EC1-2751-49E4-A24C-2CEDD942021D}.Debug|x64.Build.0 = Debug|x64
		{BB1E3EC1-2751-49E4-A24C-2CEDD942021D}.Debug|x86.ActiveCfg = Debug|Win32
		{BB1E3EC1-2751-49E4-A24C-2CEDD942021D}.Debug|x86.Build.0 = Debug|Win32
		{BB1E3EC1-2751-49E4-A24C-2CEDD942021D}.Release|x64.ActiveCfg = Release|x64
		{BB1E3EC1-2751-49E4-A24C-2CEDD942021D}.Release|x64.Build.0 = Release|x64
		{BB1E3EC1-2751-49E4-A24C-2CEDD942021D}.Release|x86.ActiveCfg = Release|Win32
		{BB1E3EC1-2751-49E4-A24C-2CEDD942021D}.Release|x86.Build.0 = Release|Win32
		{CBECB699-F1C1-44AF-AA87-572C4DE136D6}.Debug|x64.ActiveCfg = Debug|x64
		{CBECB699-F1C1-44AF-AA87-572C4DE136D6}.Debug|x64.Build.0 = Debug|x64
		{CBECB699-F1C1-44AF-AA87-572C4DE136D6}.Debug|x86.ActiveCfg = Debug|Win32
		{CBECB699-F1C1-44AF-AA87-572C4DE136D6}.Debug|x86.Build.0 = Debug|Win32
		{CBECB699-F1C1-44AF-AA87-572C4DE136D6}.Release|x64.ActiveCfg = Release|x64
		{CBECB699-F1C1-44AF-AA87-572C4DE136D6}.Release|x64.Build.0 = Release|x64
		{CBECB699-F1C1-44AF-AA87-572C4DE136D6}.Release|x86.ActiveCfg = Release|Win32
		{CBECB699-F1C1-44AF-AA87-572C4DE136D6}.Release|x86.Build.0 = Release|Win32
		{97E24CCF-AEEF-4657-950A-B2CCFF107527}.Debug|x64.ActiveCfg = Debug|x64
		{97E24CCF-AEEF-4657-950A-B2CCFF107527}.Debug|x64.Build.0 = Debug|x64
		{97E24CCF-AEEF-4657-950A-B2CCFF107527}.Debug|x86.ActiveCfg = Debug|Win32
		{97E24CCF-AEEF-4657-950A-B2CCFF107527}.Debug|x86.Build.0 = Debug|Win32
		{97E24CCF-AEEF-4657-950A-B2CCFF107527}.Release|x64.ActiveCfg = Release|x64
		{97E24CCF-AEEF-4657-950A-B2CCFF107527}.Release|x64.Build.0 = Release|x64
		{97E24CCF-AEEF-4657-950A-B2CCFF107527}.Release|x86.ActiveCfg = Release|Win32
		{97E24CCF-AEEF-4657-950A-B2CCFF107527}.Release|x86.Build.0 = Release|Win32
		{2B26AA8D-2286-467F-BECD-5F4BA18D5426}.Debug|x64.ActiveCfg = Debug|x64
		{2B26AA8D-2286-467F-BECD-5F4BA18D5426}.Debug|x64.Build.0 = Debug|x64
		{2B26AA8D-2286-467F-BECD-5F4BA18D5426}.Debug|x86.ActiveCfg = Debug|Win32
		{2B26AA8D-2286-467F-BECD-5F4BA18D5426}.Debug|x86.Build.0 = Debug|Win32
		{2B26AA8D-2286-467F-BECD-5F4BA18D5426}.Release|x64.ActiveCfg = Release|x64
		{2B26AA8D-2286-467F-BECD-5F4BA18D5426}.Release|x64.Build.0 = Release|x64
		{2B26AA8D-2286-467F-BECD-5F4BA18D5426}.Release|x86.ActiveCfg = Release|Win32
		{2B26AA8D-2286-467F-BECD-5F4BA18D5426}.Release|x86.Build.0 = Release|Win32
		{D50529F0-A5FE-4854-B806-D706EC8CE388}.Debug|x64.ActiveCfg = Debug|x64
		{D50529F0-A5FE-4854-B806-D706EC8CE388}.Debug|x64.Build.0 = Debug|x64
		{D50529F0-A5FE-4854-B806-D706EC8CE388}.Debug|x86.ActiveCfg = Debug|Win32
		{D50529F0-A5FE-4854-B806-D706EC8CE388}.Debug|x86.Build.0 = Debug|Win32
		{D50529F0-A5FE-4854-B806-D706EC8CE388}.Release|x64.ActiveCfg = Release|x64
		{D50529F0-A5FE-4854-B806-D706EC8CE388}.Release|x64.Build.0 = Release|x64
		{D50529F0-A5FE-4854-B806-D706EC8CE388}.Release|x86.ActiveCfg = Release|Win32
		{D50529F0-A5FE-4854-B806-D706EC8CE388}.Release|x86.Build.0 = Release|Win32
		{3D15900B-6354-4692-9FC2-C463DBBF4881}.Debug|x64.ActiveCfg = Debug|x64
		{3D15900B-6354-4692-9FC2-C463DBBF4881}.Debug|x64.Build.0 = Debug|x64
		{3D15900B-6354-4692-9FC2-C463DBBF4881}.Debug|x86.ActiveCfg = Debug|Win32
		{3D15900B-6354-4692-9FC2-C463DBBF4881}.Debug|x86.Build.0 = Debug|Win32
		{3D15900B-6354-4692-9FC2-C463DBBF4881}.Release|x64.ActiveCfg = Release|x64
		{3D15900B-6354-4692-9FC2-C463DBBF4881}.Release|x64.Build.0 = Release|x64
		{3D15900B-6354-4692-9FC2-C463DBBF4881}.Release|x86.ActiveCfg = Release|Win32
		{3D15900B-6354-4692-9FC2-C463DBBF4881}.Release|x86.Build.0 = Release|Win32
		{C2A22319-58E1-43EE-AC6E-8A05D0AAB3F3}.Debug|x64.ActiveCfg = Debug|x64
		{C2A22319-58E1-43EE-AC6E-8A05D0AAB3F3}.Debug|x64.Build.0 = Debug|x64
		{C2A22319-58E1-43EE-AC6E-8A05D0AAB3F3}.Debug|x86.ActiveCfg = Debug|Win32
		{C2A22319-58E1-43EE-AC6E-8A05D0AAB3F3}.Debug|x86.Build.0 = Debug|Win32
		{C2A22319-58E1-43EE-AC6E-8A05D0AAB3F3}.Release|x64.ActiveCfg = Release|x64
		{C2A22319-58E1-43EE-AC6E-8A05D0AAB3F3}.Release|x64.Build.0 = Release|x64
		{C2A22319-58E1-43EE-AC6E-8A05D0AAB3F3}.Release|x86.ActiveCfg = Release|Win32
		{C2A22319-58E1-43EE-AC6E-8A05D0AAB3F3}.Release|x86.Build.0 = Release|Win32
		{C5AE88E4-F9CC-4C92-ADE9-B7609654F821}.Debug|x64.ActiveCfg = Debug|x64
		{C5AE88E4-F9CC-4C92-ADE9-B7609654F821}.Debug|x64.Build.0 = Debug|x64
		{C5AE88E4-F9CC-4C92-ADE9-B7609654F821}.Debug|x86.ActiveCfg = Debug|Win32
		{C5AE88E4-F9CC-4C92-ADE9-B7609654F821}.Debug|x86.Build.0 = Debug|Win32
		{C5AE88E4-F9CC-4C92-ADE9-B7609654F821}.Release|x64.ActiveCfg = Release|x64
		{C5AE88E4-F9CC-4C92-ADE9-B7609654F821}.Release|x64.Build.0 = Release|x64
		{C5AE88E4-F9CC-4C92-ADE9-B7609654F821}.Release|x86.ActiveCfg = Release|Win32
		{C5AE88E4-F9CC-4C92-ADE9-B7609654F821}.Release|x86.Build.0 = Release|Win32
		{32115BFA-734E-414B-9581-83547E03E5F6}.Debug|x64.ActiveCfg = Debug|x64
		{32115BFA-734E-414B-9581-83547E03E5F6}.Debug|x64.Build.0 = Debug|x64
		{32115BFA-734E-414B-9581-83547E03E5F6}.Debug|x86.ActiveCfg = Debug|Win32
		{32115BFA-734E-414B-9581-83547E03E5F6}.Debug|x86.Build.0 = Debug|Win32
		{32115BFA-734E-414B-9581-83547E03E5F6}.Release|x64.ActiveCfg = Release|x64
		{32115BFA-734E-414B-9581-83547E03E5F6}.Release|x64.Build.0 = Release|x64
		{32115BFA-734E-414B-9581-83547E03E5F6}.Release|x86.ActiveCfg = Release|Win32
		{32115BFA-734E-414B-9581-83547E03E5F6}.Release|x86.Build.0 = Release|Win32
		{4001BF01-9EAB-47F6-97DF-14834B0B87DD}.Debug|x64.ActiveCfg = Debug|x64
		{4001BF01-9EAB-47F6-97DF-14834B0B87DD}.Debug|x64.Build.0 = Debug|x64
		{4001BF01-9EAB-47F6-97DF-14834B0B87DD}.Debug|x86.ActiveCfg = Debug|Win32
		{4001BF01-9EAB-47F6-97DF-14834B0B87DD}.Debug|x86.Build.0 = Debug|Win32
		{4001BF01-9EAB-47F6-97DF-14834B0B87DD}.Release|x64.ActiveCfg = Release|x64
		{4001BF01-9EAB-47F6-97DF-14834B0B87DD}.Release|x64.Build.0 = Release|x64
		{4001BF01-9EAB-47F6-97DF-14834B0B87DD}.Release|x86.ActiveCfg = Release|Win32
		{4001BF01-9EAB-47F6-97DF-14834B0B87DD}.Release|x86.Build.0 = Release|Win32
		{DCAAA1EF-81A3-4E92-A702-40858DF58FCD}.Debug|x64.ActiveCfg = Debug|x64
		{DCAAA1EF-81A3-4E92-A702-40858DF58FCD}.Debug|x64.Build.0 = Debug|x64
		{DCAAA1EF-81A3-4E92-A702-40858DF58FCD}.Debug|x86.ActiveCfg = Debug|Win32
		{DCAAA1EF-81A3-4E92-A702-40858DF58FCD}.Debug|x86.Build.0 = Debug|Win32
		{DCAAA1EF-81A3-4E92-A702-40858DF58FCD}.Release|x64.ActiveCfg = Release|x64
		{DCAAA1EF-81A3-4E92-A702-40858DF58FCD}.Release|x64.Build.0 = Release|x64
		{DCAAA1EF-81A3-4E92-A702-40858DF58FCD}.Release|x86.ActiveCfg = Release|Win32
		{DCAAA1EF-81A3-4E92-A702-40858DF58FCD}.Release|x86.Build.0 = Release|Win32
		{4592D58A-87B7-4EB5-A74C-0E4EB567BC44}.Debug|x64.ActiveCfg = Debug|x64
		{4592D58A-87B7-4EB5-A74C-0E4EB567BC44}.Debug|x64.Build.0 = Debug|x64
		{4592D58A-87B7-4EB5-A74C-0E4EB567BC44}.Debug|x86.ActiveCfg = Debug|Win32
		{4592D58A-87B7-4EB5-A74C-0E4EB567BC44}.Debug|x86.Build.0 = Debug|Win32
		{4592D58A-87B7-4EB5-A74C-0E4EB567BC44}.Release|x64.ActiveCfg = Release|x64
		{4592D58A-87B7-4EB5-A74C-0E4EB567BC44}.Release|x64.Build.0 = Release|x64
		{4592D58A-87B7-4EB5-A74C-0E4EB567BC44}.Release|x86.ActiveCfg = Release|Win32
		{4592D58A-87B7-4EB5-A74C-0E4EB567BC44}.Release|x86.Build.0 = Release|Win32
		{C9D4D941-A957-4174-B522-1C6039EA7722}.Debug|x64.ActiveCfg = Debug|x64
		{C9D4D941-A957-4174-B522-1C6039EA7722}.Debug|x64.Build.0 = Debug|x64
		{C9D4D941-A957-4174-B522-1C6039EA7722}.Debug|x86.ActiveCfg = Debug|Win32
		{C9D4D941-A957-4174-B522-1C6039EA7722}.Debug|x86.Build.0 = Debug|Win32
		{C9D4D941-A957-4174-B522-1C6039EA7722}.Release|x64.ActiveCfg = Release|x64
		{C9D4D941-A957-4174-B522-1C6039EA7722}.Release|x64.Build.0 = Release|x64
		{C9D4D941-A957-4174-B522-1C6039EA7722}.Release|x86.ActiveCfg = Release|Win32
		{C9D4D941-A957-4174-B522-1C6039EA7722}.Release|x86.Build.0 = Release|Win32
		{9E482471-1A71-493C-85D9-14BA0BDFFFAA}.Debug|x64.ActiveCfg = Debug|x64
		{9E482471-1A71-493C-85D9-14BA0BDFFFAA}.Debug|x64.Build.0 = Debug|x64
		{9E482471-1A71-493C-85D9-14BA0BDFFFAA}.Debug|x86.ActiveCfg = Debug|Win32
		{9E482471-1A71-493C-85D9-14BA0BDFFFAA}.Debug|x86.Build.0 = Debug|Win32
		{9E482471-1A71-493C-85D9-14BA0BDFFFAA}.Release|x64.ActiveCfg = Release|x64
		{9E482471-1A71-493C-85D9-14BA0BDFFFAA}.Release|x64.Build.0 = Release|x64
		{9E482471-1A71-493C-85D9-14BA0BDFFFAA}.Release|x86.ActiveCfg = Release|Win32
		{9E482471-1A71-493C-85D9-14BA0BDFFFAA}.Release|x86.Build.0 = Release|Win32
	EndGlobalSection
	GlobalSection(SolutionProperties) = preSolution
		HideSolutionNode = FALSE
	EndGlobalSection
EndGlobal
